github.com/cwbudde/algo-dsp v0.5.1 h1:sxutbi6bMWPnjWjc41q7O12dGsbKdlwIS23V5H+imzY=
github.com/cwbudde/algo-dsp v0.5.1/go.mod h1:cDRwoYw/6i3QKFLXDUuZa2AqeMnzb0u7Yn+nZV6Tl4U=
github.com/cwbudde/algo-fft v0.6.10 h1:xEtl2oHC3SQjGwzu/bdecLEw50hJYF9brhcFuUHQ2I8=
github.com/cwbudde/algo-fft v0.6.10/go.mod h1:H5rJ7JNXvhe3kT4yc41TJB9DEnO7KlhHN7toLO+ZZXU=
github.com/cwbudde/algo-vecmath v0.1.0 h1:RjZLXt3BAu1f3UmdWWXbgw3Xscyh+bsg31PkS5K4y4c=
github.com/cwbudde/algo-vecmath v0.1.0/go.mod h1:lc9dLv41D4RCmhXG/CsIesfJXmONI7pQXcFrkxQSfeQ=
golang.org/x/sys v0.40.0 h1:DBZZqJ2Rkml6QMQsZywtnjnnGvHza6BTfYFWY9kjEWQ=
golang.org/x/sys v0.40.0/go.mod h1:OgkHotnGiDImocRcuBABYBEXf8A9a87e/uXjp9XT3ks=
